
Microsoft Visual Studio Solution File, Format Version 12.00
# Visual Studio 15
VisualStudioVersion = 15.0.27703.2000
MinimumVisualStudioVersion = 10.0.40219.1
Project("{FAE04EC0-301F-11D3-BF4B-00C04F79EFBC}") = "Eticaret.DL", "Eticaret.DL\Eticaret.DL.csproj", "{BC6C6FDE-9495-4647-AEF1-54D72150EEB8}"
EndProject
Project("{FAE04EC0-301F-11D3-BF4B-00C04F79EFBC}") = "Eticaret.BL", "Eticaret.BL\Eticaret.BL.csproj", "{59B3E607-CCC5-47AF-8EB1-E9898CD33281}"
EndProject
Project("{FAE04EC0-301F-11D3-BF4B-00C04F79EFBC}") = "Eticaret.Dto", "Eticaret.Dto\Eticaret.Dto.csproj", "{7D8570A6-82B1-4361-99BB-81085E643E99}"
EndProject
Project("{FAE04EC0-301F-11D3-BF4B-00C04F79EFBC}") = "Eticaret.Entity", "Eticaret.Entity\Eticaret.Entity.csproj", "{B4295A5B-3F58-4F2C-B567-C6DFD2212773}"
EndProject
Project("{FAE04EC0-301F-11D3-BF4B-00C04F79EFBC}") = "Eticaret.IL", "Eticaret.IL\Eticaret.IL.csproj", "{4460D1D0-9EEC-4543-B821-C1F128191B72}"
EndProject
Project("{FAE04EC0-301F-11D3-BF4B-00C04F79EFBC}") = "Eticaret.CommonLibrary", "Eticaret.CommonLibrary\Eticaret.CommonLibrary.csproj", "{1C03FC21-C4A3-4F52-BE3B-155C5F5B6991}"
EndProject
Project("{FAE04EC0-301F-11D3-BF4B-00C04F79EFBC}") = "Eticaret.WebUI", "Eticaret.WebUI\Eticaret.WebUI.csproj", "{5C05047F-D873-413E-BC5C-62E14BA6D112}"
EndProject
Project("{FAE04EC0-301F-11D3-BF4B-00C04F79EFBC}") = "Eticaret.WebUI.Tests", "Eticaret.WebUI.Tests\Eticaret.WebUI.Tests.csproj", "{414AFB3F-D4DE-4B82-87AD-4330728F0099}"
EndProject
Global
	GlobalSection(SolutionConfigurationPlatforms) = preSolution
		Debug|Any CPU = Debug|Any CPU
		Release|Any CPU = Release|Any CPU
	EndGlobalSection
	GlobalSection(ProjectConfigurationPlatforms) = postSolution
		{BC6C6FDE-9495-4647-AEF1-54D72150EEB8}.Debug|Any CPU.ActiveCfg = Debug|Any CPU
		{BC6C6FDE-9495-4647-AEF1-54D72150EEB8}.Debug|Any CPU.Build.0 = Debug|Any CPU
		{BC6C6FDE-9495-4647-AEF1-54D72150EEB8}.Release|Any CPU.ActiveCfg = Release|Any CPU
		{BC6C6FDE-9495-4647-AEF1-54D72150EEB8}.Release|Any CPU.Build.0 = Release|Any CPU
		{59B3E607-CCC5-47AF-8EB1-E9898CD33281}.Debug|Any CPU.ActiveCfg = Debug|Any CPU
		{59B3E607-CCC5-47AF-8EB1-E9898CD33281}.Debug|Any CPU.Build.0 = Debug|Any CPU
		{59B3E607-CCC5-47AF-8EB1-E9898CD33281}.Release|Any CPU.ActiveCfg = Release|Any CPU
		{59B3E607-CCC5-47AF-8EB1-E9898CD33281}.Release|Any CPU.Build.0 = Release|Any CPU
		{7D8570A6-82B1-4361-99BB-81085E643E99}.Debug|Any CPU.ActiveCfg = Debug|Any CPU
		{7D8570A6-82B1-4361-99BB-81085E643E99}.Debug|Any CPU.Build.0 = Debug|Any CPU
		{7D8570A6-82B1-4361-99BB-81085E643E99}.Release|Any CPU.ActiveCfg = Release|Any CPU
		{7D8570A6-82B1-4361-99BB-81085E643E99}.Release|Any CPU.Build.0 = Release|Any CPU
		{B4295A5B-3F58-4F2C-B567-C6DFD2212773}.Debug|Any CPU.ActiveCfg = Debug|Any CPU
		{B4295A5B-3F58-4F2C-B567-C6DFD2212773}.Debug|Any CPU.Build.0 = Debug|Any CPU
		{B4295A5B-3F58-4F2C-B567-C6DFD2212773}.Release|Any CPU.ActiveCfg = Release|Any CPU
		{B4295A5B-3F58-4F2C-B567-C6DFD2212773}.Release|Any CPU.Build.0 = Release|Any CPU
		{4460D1D0-9EEC-4543-B821-C1F128191B72}.Debug|Any CPU.ActiveCfg = Debug|Any CPU
		{4460D1D0-9EEC-4543-B821-C1F128191B72}.Debug|Any CPU.Build.0 = Debug|Any CPU
		{4460D1D0-9EEC-4543-B821-C1F128191B72}.Release|Any CPU.ActiveCfg = Release|Any CPU
		{4460D1D0-9EEC-4543-B821-C1F128191B72}.Release|Any CPU.Build.0 = Release|Any CPU
		{1C03FC21-C4A3-4F52-BE3B-155C5F5B6991}.Debug|Any CPU.ActiveCfg = Debug|Any CPU
		{1C03FC21-C4A3-4F52-BE3B-155C5F5B6991}.Debug|Any CPU.Build.0 = Debug|Any CPU
		{1C03FC21-C4A3-4F52-BE3B-155C5F5B6991}.Release|Any CPU.ActiveCfg = Release|Any CPU
		{1C03FC21-C4A3-4F52-BE3B-155C5F5B6991}.Release|Any CPU.Build.0 = Release|Any CPU
		{5C05047F-D873-413E-BC5C-62E14BA6D112}.Debug|Any CPU.ActiveCfg = Debug|Any CPU
		{5C05047F-D873-413E-BC5C-62E14BA6D112}.Debug|Any CPU.Build.0 = Debug|Any CPU
		{5C05047F-D873-413E-BC5C-62E14BA6D112}.Release|Any CPU.ActiveCfg = Release|Any CPU
		{5C05047F-D873-413E-BC5C-62E14BA6D112}.Release|Any CPU.Build.0 = Release|Any CPU
		{414AFB3F-D4DE-4B82-87AD-4330728F0099}.Debug|Any CPU.ActiveCfg = Debug|Any CPU
		{414AFB3F-D4DE-4B82-87AD-4330728F0099}.Debug|Any CPU.Build.0 = Debug|Any CPU
		{414AFB3F-D4DE-4B82-87AD-4330728F0099}.Release|Any CPU.ActiveCfg = Release|Any CPU
		{414AFB3F-D4DE-4B82-87AD-4330728F0099}.Release|Any CPU.Build.0 = Release|Any CPU
	EndGlobalSection
	GlobalSection(SolutionProperties) = preSolution
		HideSolutionNode = FALSE
	EndGlobalSection
	GlobalSection(ExtensibilityGlobals) = postSolution
		SolutionGuid = {0293D778-EFF2-4053-A169-E4031C68BFAE}
	EndGlobalSection
EndGlobal
